PODS:
  - Flutter (1.0.0)
  - MMKV (2.4.0):
    - MMKVCore (~> 2.4.0)
  - mmkv_ios (2.4.0):
    - Flutter
    - FlutterMacOS
    - MMKV (< 2.5, >= 2.4.0)
  - MMKVCore (2.4.0)
  - path_provider_foundation (0.0.1):
    - Flutter
    - FlutterMacOS

DEPENDENCIES:
  - Flutter (from `Flutter`)
  - mmkv_ios (from `.symlinks/plugins/mmkv_ios/darwin`)
  - path_provider_foundation (from `.symlinks/plugins/path_provider_foundation/darwin`)

SPEC REPOS:
  trunk:
    - MMKV
    - MMKVCore

EXTERNAL SOURCES:
  Flutter:
    :path: Flutter
  mmkv_ios:
    :path: ".symlinks/plugins/mmkv_ios/darwin"
  path_provider_foundation:
    :path: ".symlinks/plugins/path_provider_foundation/darwin"

SPEC CHECKSUMS:
  Flutter: cabc95a1d2626b1b06e7179b784ebcf0c0cde467
  MMKV: 86859fdfa2b0b21db1fd6e48788474a6416a2c77
  mmkv_ios: 92c9ad54c630cdd783f8711d082710b3dd1ec5ea
  MMKVCore: 3d16ce9f7d411e135020915fde98a056859a1efa
  path_provider_foundation: bb55f6dbba17d0dccd6737fe6f7f34fbd0376880

PODFILE CHECKSUM: 5223bc8619a3d0e830c605fb5c2fbbb1bc740c55

COCOAPODS: 1.16.2
